
Microsoft Visual Studio Solution File, Format Version 12.00
# Visual Studio 15
VisualStudioVersion = 15.0.28010.2050
MinimumVisualStudioVersion = 10.0.40219.1
Project("{FAE04EC0-301F-11D3-BF4B-00C04F79EFBC}") = "OrderManagerNew", "OrderManagerNew\OrderManagerNew.csproj", "{4D6456AC-80B7-4F70-9291-E5A055531FB8}"
EndProject
Project("{FAE04EC0-301F-11D3-BF4B-00C04F79EFBC}") = "Updater", "Updater\Updater.csproj", "{E68FDBBF-2332-4E56-BDE7-02AB3C2E1E7C}"
EndProject
Global
	GlobalSection(SolutionConfigurationPlatforms) = preSolution
		Debug|Any CPU = Debug|Any CPU
		Release|Any CPU = Release|Any CPU
	EndGlobalSection
	GlobalSection(ProjectConfigurationPlatforms) = postSolution
		{4D6456AC-80B7-4F70-9291-E5A055531FB8}.Debug|Any CPU.ActiveCfg = Debug|Any CPU
		{4D6456AC-80B7-4F70-9291-E5A055531FB8}.Debug|Any CPU.Build.0 = Debug|Any CPU
		{4D6456AC-80B7-4F70-9291-E5A055531FB8}.Release|Any CPU.ActiveCfg = Release|Any CPU
		{4D6456AC-80B7-4F70-9291-E5A055531FB8}.Release|Any CPU.Build.0 = Release|Any CPU
		{E68FDBBF-2332-4E56-BDE7-02AB3C2E1E7C}.Debug|Any CPU.ActiveCfg = Debug|Any CPU
		{E68FDBBF-2332-4E56-BDE7-02AB3C2E1E7C}.Debug|Any CPU.Build.0 = Debug|Any CPU
		{E68FDBBF-2332-4E56-BDE7-02AB3C2E1E7C}.Release|Any CPU.ActiveCfg = Release|Any CPU
		{E68FDBBF-2332-4E56-BDE7-02AB3C2E1E7C}.Release|Any CPU.Build.0 = Release|Any CPU
	EndGlobalSection
	GlobalSection(SolutionProperties) = preSolution
		HideSolutionNode = FALSE
	EndGlobalSection
	GlobalSection(ExtensibilityGlobals) = postSolution
		SolutionGuid = {EC6FD3D6-DA54-4FE6-90D4-F70AB91A621D}
	EndGlobalSection
EndGlobal
